
Microsoft Visual Studio Solution File, Format Version 12.00
# Visual Studio 15
VisualStudioVersion = 15.0.28307.168
MinimumVisualStudioVersion = 10.0.40219.1
Project("{9A19103F-16F7-4668-BE54-9A1E7A4F7556}") = "EmployeeApi", "EmployeeApi\EmployeeApi.csproj", "{4CB286CE-29C5-4DDB-8114-3FF511034497}"
EndProject
Project("{9A19103F-16F7-4668-BE54-9A1E7A4F7556}") = "EmployeeApi.IntegrationTests", "EmployeeApi.IntegrationTests\EmployeeApi.IntegrationTests.csproj", "{2F4B95B3-7C02-4E23-A8D7-7AF15C3F93A1}"
EndProject
Global
	GlobalSection(SolutionConfigurationPlatforms) = preSolution
		Debug|Any CPU = Debug|Any CPU
		Release|Any CPU = Release|Any CPU
	EndGlobalSection
	GlobalSection(ProjectConfigurationPlatforms) = postSolution
		{4CB286CE-29C5-4DDB-8114-3FF511034497}.Debug|Any CPU.ActiveCfg = Debug|Any CPU
		{4CB286CE-29C5-4DDB-8114-3FF511034497}.Debug|Any CPU.Build.0 = Debug|Any CPU
		{4CB286CE-29C5-4DDB-8114-3FF511034497}.Release|Any CPU.ActiveCfg = Release|Any CPU
		{4CB286CE-29C5-4DDB-8114-3FF511034497}.Release|Any CPU.Build.0 = Release|Any CPU
		{2F4B95B3-7C02-4E23-A8D7-7AF15C3F93A1}.Debug|Any CPU.ActiveCfg = Debug|Any CPU
		{2F4B95B3-7C02-4E23-A8D7-7AF15C3F93A1}.Debug|Any CPU.Build.0 = Debug|Any CPU
		{2F4B95B3-7C02-4E23-A8D7-7AF15C3F93A1}.Release|Any CPU.ActiveCfg = Release|Any CPU
		{2F4B95B3-7C02-4E23-A8D7-7AF15C3F93A1}.Release|Any CPU.Build.0 = Release|Any CPU
	EndGlobalSection
	GlobalSection(SolutionProperties) = preSolution
		HideSolutionNode = FALSE
	EndGlobalSection
	GlobalSection(ExtensibilityGlobals) = postSolution
		SolutionGuid = {3B9224CF-40A4-4085-9099-042B556DFF40}
	EndGlobalSection
EndGlobal
